
Microsoft Visual Studio Solution File, Format Version 12.00
# Visual Studio Version 17
VisualStudioVersion = 17.4.33213.308
MinimumVisualStudioVersion = 10.0.40219.1
Project("{FAE04EC0-301F-11D3-BF4B-00C04F79EFBC}") = "API", "API\API.csproj", "{EEF0EB7B-5FC7-45E3-B525-DD91A3C16A9E}"
EndProject
Project("{FAE04EC0-301F-11D3-BF4B-00C04F79EFBC}") = "DataAccess", "DataAccess\DataAccess.csproj", "{F65D517C-B99A-4763-9887-4774455B79A8}"
EndProject
Global
	GlobalSection(SolutionConfigurationPlatforms) = preSolution
		Debug|Any CPU = Debug|Any CPU
		Release|Any CPU = Release|Any CPU
	EndGlobalSection
	GlobalSection(ProjectConfigurationPlatforms) = postSolution
		{EEF0EB7B-5FC7-45E3-B525-DD91A3C16A9E}.Debug|Any CPU.ActiveCfg = Debug|Any CPU
		{EEF0EB7B-5FC7-45E3-B525-DD91A3C16A9E}.Debug|Any CPU.Build.0 = Debug|Any CPU
		{EEF0EB7B-5FC7-45E3-B525-DD91A3C16A9E}.Release|Any CPU.ActiveCfg = Release|Any CPU
		{EEF0EB7B-5FC7-45E3-B525-DD91A3C16A9E}.Release|Any CPU.Build.0 = Release|Any CPU
		{F65D517C-B99A-4763-9887-4774455B79A8}.Debug|Any CPU.ActiveCfg = Debug|Any CPU
		{F65D517C-B99A-4763-9887-4774455B79A8}.Debug|Any CPU.Build.0 = Debug|Any CPU
		{F65D517C-B99A-4763-9887-4774455B79A8}.Release|Any CPU.ActiveCfg = Release|Any CPU
		{F65D517C-B99A-4763-9887-4774455B79A8}.Release|Any CPU.Build.0 = Release|Any CPU
	EndGlobalSection
	GlobalSection(SolutionProperties) = preSolution
		HideSolutionNode = FALSE
	EndGlobalSection
	GlobalSection(ExtensibilityGlobals) = postSolution
		SolutionGuid = {3AB17678-F7BB-424E-A605-FBA6BF1C8820}
	EndGlobalSection
EndGlobal
